// !$*UTF8*$!
{
	archiveVersion = 1;
	classes = {
	};
	objectVersion = 56;
	objects = {

/* Begin PBXBuildFile section */
		039C23222C660BEF00A7BBA8 /* AppDelegate.swift in Sources */ = {isa = PBXBuildFile; fileRef = 039C23212C660BEF00A7BBA8 /* AppDelegate.swift */; };
		039C23242C660BEF00A7BBA8 /* SceneDelegate.swift in Sources */ = {isa = PBXBuildFile; fileRef = 039C23232C660BEF00A7BBA8 /* SceneDelegate.swift */; };
		039C23262C660BEF00A7BBA8 /* ApodScreenViewController.swift in Sources */ = {isa = PBXBuildFile; fileRef = 039C23252C660BEF00A7BBA8 /* ApodScreenViewController.swift */; };
		039C23292C660BEF00A7BBA8 /* Base in Resources */ = {isa = PBXBuildFile; fileRef = 039C23282C660BEF00A7BBA8 /* Base */; };
		039C232B2C660BF000A7BBA8 /* Assets.xcassets in Resources */ = {isa = PBXBuildFile; fileRef = 039C232A2C660BF000A7BBA8 /* Assets.xcassets */; };
		039C232E2C660BF000A7BBA8 /* Base in Resources */ = {isa = PBXBuildFile; fileRef = 039C232D2C660BF000A7BBA8 /* Base */; };
		039C233C2C660CC700A7BBA8 /* ApodScreenViewModel.swift in Sources */ = {isa = PBXBuildFile; fileRef = 039C233B2C660CC700A7BBA8 /* ApodScreenViewModel.swift */; };
		039C233F2C660CEA00A7BBA8 /* ApodModel.swift in Sources */ = {isa = PBXBuildFile; fileRef = 039C233E2C660CEA00A7BBA8 /* ApodModel.swift */; };
		039C23412C660D2700A7BBA8 /* WebService.swift in Sources */ = {isa = PBXBuildFile; fileRef = 039C23402C660D2700A7BBA8 /* WebService.swift */; };
		039C23432C660DB500A7BBA8 /* ServiceError.swift in Sources */ = {isa = PBXBuildFile; fileRef = 039C23422C660DB500A7BBA8 /* ServiceError.swift */; };
		039C23462C6626BA00A7BBA8 /* Kingfisher in Frameworks */ = {isa = PBXBuildFile; productRef = 039C23452C6626BA00A7BBA8 /* Kingfisher */; };
		039C23482C662D5600A7BBA8 /* NetworkMonitor.swift in Sources */ = {isa = PBXBuildFile; fileRef = 039C23472C662D5600A7BBA8 /* NetworkMonitor.swift */; };
/* End PBXBuildFile section */

/* Begin PBXFileReference section */
		039C231E2C660BEF00A7BBA8 /* NASAApod.app */ = {isa = PBXFileReference; explicitFileType = wrapper.application; includeInIndex = 0; path = NASAApod.app; sourceTree = BUILT_PRODUCTS_DIR; };
		039C23212C660BEF00A7BBA8 /* AppDelegate.swift */ = {isa = PBXFileReference; lastKnownFileType = sourcecode.swift; path = AppDelegate.swift; sourceTree = "<group>"; };
		039C23232C660BEF00A7BBA8 /* SceneDelegate.swift */ = {isa = PBXFileReference; lastKnownFileType = sourcecode.swift; path = SceneDelegate.swift; sourceTree = "<group>"; };
		039C23252C660BEF00A7BBA8 /* ApodScreenViewController.swift */ = {isa = PBXFileReference; lastKnownFileType = sourcecode.swift; path = ApodScreenViewController.swift; sourceTree = "<group>"; };
		039C23282C660BEF00A7BBA8 /* Base */ = {isa = PBXFileReference; lastKnownFileType = file.storyboard; name = Base; path = Base.lproj/Main.storyboard; sourceTree = "<group>"; };
		039C232A2C660BF000A7BBA8 /* Assets.xcassets */ = {isa = PBXFileReference; lastKnownFileType = folder.assetcatalog; path = Assets.xcassets; sourceTree = "<group>"; };
		039C232D2C660BF000A7BBA8 /* Base */ = {isa = PBXFileReference; lastKnownFileType = file.storyboard; name = Base; path = Base.lproj/LaunchScreen.storyboard; sourceTree = "<group>"; };
		039C232F2C660BF000A7BBA8 /* Info.plist */ = {isa = PBXFileReference; lastKnownFileType = text.plist.xml; path = Info.plist; sourceTree = "<group>"; };
		039C233B2C660CC700A7BBA8 /* ApodScreenViewModel.swift */ = {isa = PBXFileReference; lastKnownFileType = sourcecode.swift; path = ApodScreenViewModel.swift; sourceTree = "<group>"; };
		039C233E2C660CEA00A7BBA8 /* ApodModel.swift */ = {isa = PBXFileReference; lastKnownFileType = sourcecode.swift; path = ApodModel.swift; sourceTree = "<group>"; };
		039C23402C660D2700A7BBA8 /* WebService.swift */ = {isa = PBXFileReference; lastKnownFileType = sourcecode.swift; path = WebService.swift; sourceTree = "<group>"; };
		039C23422C660DB500A7BBA8 /* ServiceError.swift */ = {isa = PBXFileReference; lastKnownFileType = sourcecode.swift; path = ServiceError.swift; sourceTree = "<group>"; };
		039C23472C662D5600A7BBA8 /* NetworkMonitor.swift */ = {isa = PBXFileReference; lastKnownFileType = sourcecode.swift; path = NetworkMonitor.swift; sourceTree = "<group>"; };
/* End PBXFileReference section */

/* Begin PBXFrameworksBuildPhase section */
		039C231B2C660BEF00A7BBA8 /* Frameworks */ = {
			isa = PBXFrameworksBuildPhase;
			buildActionMask = 2147483647;
			files = (
				039C23462C6626BA00A7BBA8 /* Kingfisher in Frameworks */,
			);
			runOnlyForDeploymentPostprocessing = 0;
		};
/* End PBXFrameworksBuildPhase section */

/* Begin PBXGroup section */
		039C23152C660BEF00A7BBA8 = {
			isa = PBXGroup;
			children = (
				039C23202C660BEF00A7BBA8 /* NASAApod */,
				039C231F2C660BEF00A7BBA8 /* Products */,
			);
			sourceTree = "<group>";
		};
		039C231F2C660BEF00A7BBA8 /* Products */ = {
			isa = PBXGroup;
			children = (
				039C231E2C660BEF00A7BBA8 /* NASAApod.app */,
			);
			name = Products;
			sourceTree = "<group>";
		};
		039C23202C660BEF00A7BBA8 /* NASAApod */ = {
			isa = PBXGroup;
			children = (
				039C233A2C660CAB00A7BBA8 /* StoryBoard */,
				039C23392C660C7100A7BBA8 /* WebService */,
				039C23382C660C6C00A7BBA8 /* Model */,
				039C23372C660C6600A7BBA8 /* ViewModel */,
				039C23362C660C5E00A7BBA8 /* ViewController */,
				039C23352C660C4F00A7BBA8 /* AppDelegate */,
				039C232A2C660BF000A7BBA8 /* Assets.xcassets */,
				039C232F2C660BF000A7BBA8 /* Info.plist */,
			);
			path = NASAApod;
			sourceTree = "<group>";
		};
		039C23352C660C4F00A7BBA8 /* AppDelegate */ = {
			isa = PBXGroup;
			children = (
				039C23212C660BEF00A7BBA8 /* AppDelegate.swift */,
				039C23232C660BEF00A7BBA8 /* SceneDelegate.swift */,
			);
			path = AppDelegate;
			sourceTree = "<group>";
		};
		039C23362C660C5E00A7BBA8 /* ViewController */ = {
			isa = PBXGroup;
			children = (
				039C23252C660BEF00A7BBA8 /* ApodScreenViewController.swift */,
			);
			path = ViewController;
			sourceTree = "<group>";
		};
		039C23372C660C6600A7BBA8 /* ViewModel */ = {
			isa = PBXGroup;
			children = (
				039C233B2C660CC700A7BBA8 /* ApodScreenViewModel.swift */,
			);
			path = ViewModel;
			sourceTree = "<group>";
		};
		039C23382C660C6C00A7BBA8 /* Model */ = {
			isa = PBXGroup;
			children = (
				039C233E2C660CEA00A7BBA8 /* ApodModel.swift */,
			);
			path = Model;
			sourceTree = "<group>";
		};
		039C23392C660C7100A7BBA8 /* WebService */ = {
			isa = PBXGroup;
			children = (
				039C23402C660D2700A7BBA8 /* WebService.swift */,
				039C23422C660DB500A7BBA8 /* ServiceError.swift */,
				039C23472C662D5600A7BBA8 /* NetworkMonitor.swift */,
			);
			path = WebService;
			sourceTree = "<group>";
		};
		039C233A2C660CAB00A7BBA8 /* StoryBoard */ = {
			isa = PBXGroup;
			children = (
				039C23272C660BEF00A7BBA8 /* Main.storyboard */,
				039C232C2C660BF000A7BBA8 /* LaunchScreen.storyboard */,
			);
			path = StoryBoard;
			sourceTree = "<group>";
		};
/* End PBXGroup section */

/* Begin PBXNativeTarget section */
		039C231D2C660BEF00A7BBA8 /* NASAApod */ = {
			isa = PBXNativeTarget;
			buildConfigurationList = 039C23322C660BF000A7BBA8 /* Build configuration list for PBXNativeTarget "NASAApod" */;
			buildPhases = (
				039C231A2C660BEF00A7BBA8 /* Sources */,
				039C231B2C660BEF00A7BBA8 /* Frameworks */,
				039C231C2C660BEF00A7BBA8 /* Resources */,
			);
			buildRules = (
			);
			dependencies = (
			);
			name = NASAApod;
			packageProductDependencies = (
				039C23452C6626BA00A7BBA8 /* Kingfisher */,
			);
			productName = NASAApod;
			productReference = 039C231E2C660BEF00A7BBA8 /* NASAApod.app */;
			productType = "com.apple.product-type.application";
		};
/* End PBXNativeTarget section */

/* Begin PBXProject section */
		039C23162C660BEF00A7BBA8 /* Project object */ = {
			isa = PBXProject;
			attributes = {
				BuildIndependentTargetsInParallel = 1;
				LastSwiftUpdateCheck = 1540;
				LastUpgradeCheck = 1540;
				TargetAttributes = {
					039C231D2C660BEF00A7BBA8 = {
						CreatedOnToolsVersion = 15.4;
					};
				};
			};
			buildConfigurationList = 039C23192C660BEF00A7BBA8 /* Build configuration list for PBXProject "NASAApod" */;
			compatibilityVersion = "Xcode 14.0";
			developmentRegion = en;
			hasScannedForEncodings = 0;
			knownRegions = (
				en,
				Base,
			);
			mainGroup = 039C23152C660BEF00A7BBA8;
			packageReferences = (
				039C23442C6626BA00A7BBA8 /* XCRemoteSwiftPackageReference "Kingfisher" */,
			);
			productRefGroup = 039C231F2C660BEF00A7BBA8 /* Products */;
			projectDirPath = "";
			projectRoot = "";
			targets = (
				039C231D2C660BEF00A7BBA8 /* NASAApod */,
			);
		};
/* End PBXProject section */

/* Begin PBXResourcesBuildPhase section */
		039C231C2C660BEF00A7BBA8 /* Resources */ = {
			isa = PBXResourcesBuildPhase;
			buildActionMask = 2147483647;
			files = (
				039C232B2C660BF000A7BBA8 /* Assets.xcassets in Resources */,
				039C232E2C660BF000A7BBA8 /* Base in Resources */,
				039C23292C660BEF00A7BBA8 /* Base in Resources */,
			);
			runOnlyForDeploymentPostprocessing = 0;
		};
/* End PBXResourcesBuildPhase section */

/* Begin PBXSourcesBuildPhase section */
		039C231A2C660BEF00A7BBA8 /* Sources */ = {
			isa = PBXSourcesBuildPhase;
			buildActionMask = 2147483647;
			files = (
				039C23412C660D2700A7BBA8 /* WebService.swift in Sources */,
				039C23482C662D5600A7BBA8 /* NetworkMonitor.swift in Sources */,
				039C233C2C660CC700A7BBA8 /* ApodScreenViewModel.swift in Sources */,
				039C23262C660BEF00A7BBA8 /* ApodScreenViewController.swift in Sources */,
				039C23222C660BEF00A7BBA8 /* AppDelegate.swift in Sources */,
				039C233F2C660CEA00A7BBA8 /* ApodModel.swift in Sources */,
				039C23432C660DB500A7BBA8 /* ServiceError.swift in Sources */,
				039C23242C660BEF00A7BBA8 /* SceneDelegate.swift in Sources */,
			);
			runOnlyForDeploymentPostprocessing = 0;
		};
/* End PBXSourcesBuildPhase section */

/* Begin PBXVariantGroup section */
		039C23272C660BEF00A7BBA8 /* Main.storyboard */ = {
			isa = PBXVariantGroup;
			children = (
				039C23282C660BEF00A7BBA8 /* Base */,
			);
			name = Main.storyboard;
			sourceTree = "<group>";
		};
		039C232C2C660BF000A7BBA8 /* LaunchScreen.storyboard */ = {
			isa = PBXVariantGroup;
			children = (
				039C232D2C660BF000A7BBA8 /* Base */,
			);
			name = LaunchScreen.storyboard;
			sourceTree = "<group>";
		};
/* End PBXVariantGroup section */

/* Begin XCBuildConfiguration section */
		039C23302C660BF000A7BBA8 /* Debug */ = {
			isa = XCBuildConfiguration;
			buildSettings = {
				ALWAYS_SEARCH_USER_PATHS = NO;
				ASSETCATALOG_COMPILER_GENERATE_SWIFT_ASSET_SYMBOL_EXTENSIONS = YES;
				CLANG_ANALYZER_NONNULL = YES;
				CLANG_ANALYZER_NUMBER_OBJECT_CONVERSION = YES_AGGRESSIVE;
				CLANG_CXX_LANGUAGE_STANDARD = "gnu++20";
				CLANG_ENABLE_MODULES = YES;
				CLANG_ENABLE_OBJC_ARC = YES;
				CLANG_ENABLE_OBJC_WEAK = YES;
				CLANG_WARN_BLOCK_CAPTURE_AUTORELEASING = YES;
				CLANG_WARN_BOOL_CONVERSION = YES;
				CLANG_WARN_COMMA = YES;
				CLANG_WARN_CONSTANT_CONVERSION = YES;
				CLANG_WARN_DEPRECATED_OBJC_IMPLEMENTATIONS = YES;
				CLANG_WARN_DIRECT_OBJC_ISA_USAGE = YES_ERROR;
				CLANG_WARN_DOCUMENTATION_COMMENTS = YES;
				CLANG_WARN_EMPTY_BODY = YES;
				CLANG_WARN_ENUM_CONVERSION = YES;
				CLANG_WARN_INFINITE_RECURSION = YES;
				CLANG_WARN_INT_CONVERSION = YES;
				CLANG_WARN_NON_LITERAL_NULL_CONVERSION = YES;
				CLANG_WARN_OBJC_IMPLICIT_RETAIN_SELF = YES;
				CLANG_WARN_OBJC_LITERAL_CONVERSION = YES;
				CLANG_WARN_OBJC_ROOT_CLASS = YES_ERROR;
				CLANG_WARN_QUOTED_INCLUDE_IN_FRAMEWORK_HEADER = YES;
				CLANG_WARN_RANGE_LOOP_ANALYSIS = YES;
				CLANG_WARN_STRICT_PROTOTYPES = YES;
				CLANG_WARN_SUSPICIOUS_MOVE = YES;
				CLANG_WARN_UNGUARDED_AVAILABILITY = YES_AGGRESSIVE;
				CLANG_WARN_UNREACHABLE_CODE = YES;
				CLANG_WARN__DUPLICATE_METHOD_MATCH = YES;
				COPY_PHASE_STRIP = NO;
				DEBUG_INFORMATION_FORMAT = dwarf;
				ENABLE_STRICT_OBJC_MSGSEND = YES;
				ENABLE_TESTABILITY = YES;
				ENABLE_USER_SCRIPT_SANDBOXING = YES;
				GCC_C_LANGUAGE_STANDARD = gnu17;
				GCC_DYNAMIC_NO_PIC = NO;
				GCC_NO_COMMON_BLOCKS = YES;
				GCC_OPTIMIZATION_LEVEL = 0;
				GCC_PREPROCESSOR_DEFINITIONS = (
					"DEBUG=1",
					"$(inherited)",
				);
				GCC_WARN_64_TO_32_BIT_CONVERSION = YES;
				GCC_WARN_ABOUT_RETURN_TYPE = YES_ERROR;
				GCC_WARN_UNDECLARED_SELECTOR = YES;
				GCC_WARN_UNINITIALIZED_AUTOS = YES_AGGRESSIVE;
				GCC_WARN_UNUSED_FUNCTION = YES;
				GCC_WARN_UNUSED_VARIABLE = YES;
				IPHONEOS_DEPLOYMENT_TARGET = 17.5;
				LOCALIZATION_PREFERS_STRING_CATALOGS = YES;
				MTL_ENABLE_DEBUG_INFO = INCLUDE_SOURCE;
				MTL_FAST_MATH = YES;
				ONLY_ACTIVE_ARCH = YES;
				SDKROOT = iphoneos;
				SWIFT_ACTIVE_COMPILATION_CONDITIONS = "DEBUG $(inherited)";
				SWIFT_OPTIMIZATION_LEVEL = "-Onone";
			};
			name = Debug;
		};
		039C23312C660BF000A7BBA8 /* Release */ = {
			isa = XCBuildConfiguration;
			buildSettings = {
				ALWAYS_SEARCH_USER_PATHS = NO;
				ASSETCATALOG_COMPILER_GENERATE_SWIFT_ASSET_SYMBOL_EXTENSIONS = YES;
				CLANG_ANALYZER_NONNULL = YES;
				CLANG_ANALYZER_NUMBER_OBJECT_CONVERSION = YES_AGGRESSIVE;
				CLANG_CXX_LANGUAGE_STANDARD = "gnu++20";
				CLANG_ENABLE_MODULES = YES;
				CLANG_ENABLE_OBJC_ARC = YES;
				CLANG_ENABLE_OBJC_WEAK = YES;
				CLANG_WARN_BLOCK_CAPTURE_AUTORELEASING = YES;
				CLANG_WARN_BOOL_CONVERSION = YES;
				CLANG_WARN_COMMA = YES;
				CLANG_WARN_CONSTANT_CONVERSION = YES;
				CLANG_WARN_DEPRECATED_OBJC_IMPLEMENTATIONS = YES;
				CLANG_WARN_DIRECT_OBJC_ISA_USAGE = YES_ERROR;
				CLANG_WARN_DOCUMENTATION_COMMENTS = YES;
				CLANG_WARN_EMPTY_BODY = YES;
				CLANG_WARN_ENUM_CONVERSION = YES;
				CLANG_WARN_INFINITE_RECURSION = YES;
				CLANG_WARN_INT_CONVERSION = YES;
				CLANG_WARN_NON_LITERAL_NULL_CONVERSION = YES;
				CLANG_WARN_OBJC_IMPLICIT_RETAIN_SELF = YES;
				CLANG_WARN_OBJC_LITERAL_CONVERSION = YES;
				CLANG_WARN_OBJC_ROOT_CLASS = YES_ERROR;
				CLANG_WARN_QUOTED_INCLUDE_IN_FRAMEWORK_HEADER = YES;
				CLANG_WARN_RANGE_LOOP_ANALYSIS = YES;
				CLANG_WARN_STRICT_PROTOTYPES = YES;
				CLANG_WARN_SUSPICIOUS_MOVE = YES;
				CLANG_WARN_UNGUARDED_AVAILABILITY = YES_AGGRESSIVE;
				CLANG_WARN_UNREACHABLE_CODE = YES;
				CLANG_WARN__DUPLICATE_METHOD_MATCH = YES;
				COPY_PHASE_STRIP = NO;
				DEBUG_INFORMATION_FORMAT = "dwarf-with-dsym";
				ENABLE_NS_ASSERTIONS = NO;
				ENABLE_STRICT_OBJC_MSGSEND = YES;
				ENABLE_USER_SCRIPT_SANDBOXING = YES;
				GCC_C_LANGUAGE_STANDARD = gnu17;
				GCC_NO_COMMON_BLOCKS = YES;
				GCC_WARN_64_TO_32_BIT_CONVERSION = YES;
				GCC_WARN_ABOUT_RETURN_TYPE = YES_ERROR;
				GCC_WARN_UNDECLARED_SELECTOR = YES;
				GCC_WARN_UNINITIALIZED_AUTOS = YES_AGGRESSIVE;
				GCC_WARN_UNUSED_FUNCTION = YES;
				GCC_WARN_UNUSED_VARIABLE = YES;
				IPHONEOS_DEPLOYMENT_TARGET = 17.5;
				LOCALIZATION_PREFERS_STRING_CATALOGS = YES;
				MTL_ENABLE_DEBUG_INFO = NO;
				MTL_FAST_MATH = YES;
				SDKROOT = iphoneos;
				SWIFT_COMPILATION_MODE = wholemodule;
				VALIDATE_PRODUCT = YES;
			};
			name = Release;
		};
		039C23332C660BF000A7BBA8 /* Debug */ = {
			isa = XCBuildConfiguration;
			buildSettings = {
				ASSETCATALOG_COMPILER_APPICON_NAME = AppIcon;
				ASSETCATALOG_COMPILER_GLOBAL_ACCENT_COLOR_NAME = AccentColor;
				CODE_SIGN_STYLE = Automatic;
				CURRENT_PROJECT_VERSION = 1;
				GENERATE_INFOPLIST_FILE = YES;
				INFOPLIST_FILE = NASAApod/Info.plist;
				INFOPLIST_KEY_UIApplicationSupportsIndirectInputEvents = YES;
				INFOPLIST_KEY_UILaunchStoryboardName = LaunchScreen;
				INFOPLIST_KEY_UIMainStoryboardFile = Main;
				INFOPLIST_KEY_UISupportedInterfaceOrientations_iPad = "UIInterfaceOrientationPortrait UIInterfaceOrientationPortraitUpsideDown UIInterfaceOrientationLandscapeLeft UIInterfaceOrientationLandscapeRight";
				INFOPLIST_KEY_UISupportedInterfaceOrientations_iPhone = "UIInterfaceOrientationPortrait UIInterfaceOrientationLandscapeLeft UIInterfaceOrientationLandscapeRight";
				LD_RUNPATH_SEARCH_PATHS = (
					"$(inherited)",
					"@executable_path/Frameworks",
				);
				MARKETING_VERSION = 1.0;
				PRODUCT_BUNDLE_IDENTIFIER = com.sarath.NASAApod;
				PRODUCT_NAME = "$(TARGET_NAME)";
				SWIFT_EMIT_LOC_STRINGS = YES;
				SWIFT_VERSION = 5.0;
				TARGETED_DEVICE_FAMILY = "1,2";
			};
			name = Debug;
		};
		039C23342C660BF000A7BBA8 /* Release */ = {
			isa = XCBuildConfiguration;
			buildSettings = {
				ASSETCATALOG_COMPILER_APPICON_NAME = AppIcon;
				ASSETCATALOG_COMPILER_GLOBAL_ACCENT_COLOR_NAME = AccentColor;
				CODE_SIGN_STYLE = Automatic;
				CURRENT_PROJECT_VERSION = 1;
				GENERATE_INFOPLIST_FILE = YES;
				INFOPLIST_FILE = NASAApod/Info.plist;
				INFOPLIST_KEY_UIApplicationSupportsIndirectInputEvents = YES;
				INFOPLIST_KEY_UILaunchStoryboardName = LaunchScreen;
				INFOPLIST_KEY_UIMainStoryboardFile = Main;
				INFOPLIST_KEY_UISupportedInterfaceOrientations_iPad = "UIInterfaceOrientationPortrait UIInterfaceOrientationPortraitUpsideDown UIInterfaceOrientationLandscapeLeft UIInterfaceOrientationLandscapeRight";
				INFOPLIST_KEY_UISupportedInterfaceOrientations_iPhone = "UIInterfaceOrientationPortrait UIInterfaceOrientationLandscapeLeft UIInterfaceOrientationLandscapeRight";
				LD_RUNPATH_SEARCH_PATHS = (
					"$(inherited)",
					"@executable_path/Frameworks",
				);
				MARKETING_VERSION = 1.0;
				PRODUCT_BUNDLE_IDENTIFIER = com.sarath.NASAApod;
				PRODUCT_NAME = "$(TARGET_NAME)";
				SWIFT_EMIT_LOC_STRINGS = YES;
				SWIFT_VERSION = 5.0;
				TARGETED_DEVICE_FAMILY = "1,2";
			};
			name = Release;
		};
/* End XCBuildConfiguration section */

/* Begin XCConfigurationList section */
		039C23192C660BEF00A7BBA8 /* Build configuration list for PBXProject "NASAApod" */ = {
			isa = XCConfigurationList;
			buildConfigurations = (
				039C23302C660BF000A7BBA8 /* Debug */,
				039C23312C660BF000A7BBA8 /* Release */,
			);
			defaultConfigurationIsVisible = 0;
			defaultConfigurationName = Release;
		};
		039C23322C660BF000A7BBA8 /* Build configuration list for PBXNativeTarget "NASAApod" */ = {
			isa = XCConfigurationList;
			buildConfigurations = (
				039C23332C660BF000A7BBA8 /* Debug */,
				039C23342C660BF000A7BBA8 /* Release */,
			);
			defaultConfigurationIsVisible = 0;
			defaultConfigurationName = Release;
		};
/* End XCConfigurationList section */

/* Begin XCRemoteSwiftPackageReference section */
		039C23442C6626BA00A7BBA8 /* XCRemoteSwiftPackageReference "Kingfisher" */ = {
			isa = XCRemoteSwiftPackageReference;
			repositoryURL = "https://github.com/onevcat/Kingfisher.git";
			requirement = {
				kind = upToNextMajorVersion;
				minimumVersion = 7.12.0;
			};
		};
/* End XCRemoteSwiftPackageReference section */

/* Begin XCSwiftPackageProductDependency section */
		039C23452C6626BA00A7BBA8 /* Kingfisher */ = {
			isa = XCSwiftPackageProductDependency;
			package = 039C23442C6626BA00A7BBA8 /* XCRemoteSwiftPackageReference "Kingfisher" */;
			productName = Kingfisher;
		};
/* End XCSwiftPackageProductDependency section */
	};
	rootObject = 039C23162C660BEF00A7BBA8 /* Project object */;
}
